# THIS IS AN AUTOGENERATED FILE. DO NOT EDIT THIS FILE DIRECTLY.
# yarn lockfile v1


toastify@^2.0.1:
  version "2.0.1"
  resolved "https://registry.yarnpkg.com/toastify/-/toastify-2.0.1.tgz#bc9f2d7fcd91a7d9bc1e36ed86d0560297aa8584"
  integrity sha512-Me/O93yAlwiHYwqX0su60Wv+X9ngzIT6nBLbNAFED095gMSjCBYKdu+faBxV6SE8CiQjUTBLrz8LwoXMtGz+yw==
